
Microsoft Visual Studio Solution File, Format Version 12.00
# Visual Studio Version 17
VisualStudioVersion = 17.5.002.0
MinimumVisualStudioVersion = 10.0.40219.1
Project("{9A19103F-16F7-4668-BE54-9A1E7A4F7556}") = "core", "Core\core.csproj", "{F3DF3347-C34D-41EF-A4F3-E8499B71F51F}"
EndProject
Global
	GlobalSection(SolutionConfigurationPlatforms) = preSolution
		Debug|Any CPU = Debug|Any CPU
		Release|Any CPU = Release|Any CPU
	EndGlobalSection
	GlobalSection(ProjectConfigurationPlatforms) = postSolution
		{F3DF3347-C34D-41EF-A4F3-E8499B71F51F}.Debug|Any CPU.ActiveCfg = Debug|Any CPU
		{F3DF3347-C34D-41EF-A4F3-E8499B71F51F}.Debug|Any CPU.Build.0 = Debug|Any CPU
		{F3DF3347-C34D-41EF-A4F3-E8499B71F51F}.Release|Any CPU.ActiveCfg = Release|Any CPU
		{F3DF3347-C34D-41EF-A4F3-E8499B71F51F}.Release|Any CPU.Build.0 = Release|Any CPU
	EndGlobalSection
	GlobalSection(SolutionProperties) = preSolution
		HideSolutionNode = FALSE
	EndGlobalSection
	GlobalSection(ExtensibilityGlobals) = postSolution
		SolutionGuid = {D08EC5C0-2A77-462B-BD01-346C7484050F}
	EndGlobalSection
EndGlobal
